// !$*UTF8*$!
{
	archiveVersion = 1;
	classes = {
	};
	objectVersion = 46;
	objects = {

/* Begin PBXBuildFile section */
		F31734E91EEC44B900A19B00 /* AppDelegate.swift in Sources */ = {isa = PBXBuildFile; fileRef = F31734E81EEC44B900A19B00 /* AppDelegate.swift */; };
		F31734EB1EEC44B900A19B00 /* ViewController.swift in Sources */ = {isa = PBXBuildFile; fileRef = F31734EA1EEC44B900A19B00 /* ViewController.swift */; };
		F31734EE1EEC44B900A19B00 /* Main.storyboard in Resources */ = {isa = PBXBuildFile; fileRef = F31734EC1EEC44B900A19B00 /* Main.storyboard */; };
		F31734F01EEC44B900A19B00 /* Assets.xcassets in Resources */ = {isa = PBXBuildFile; fileRef = F31734EF1EEC44B900A19B00 /* Assets.xcassets */; };
		F31734F31EEC44B900A19B00 /* LaunchScreen.storyboard in Resources */ = {isa = PBXBuildFile; fileRef = F31734F11EEC44B900A19B00 /* LaunchScreen.storyboard */; };
		F31734FE1EEC44B900A19B00 /* gitDemoTHTests.swift in Sources */ = {isa = PBXBuildFile; fileRef = F31734FD1EEC44B900A19B00 /* gitDemoTHTests.swift */; };
		F31735091EEC44B900A19B00 /* gitDemoTHUITests.swift in Sources */ = {isa = PBXBuildFile; fileRef = F31735081EEC44B900A19B00 /* gitDemoTHUITests.swift */; };
/* End PBXBuildFile section */

/* Begin PBXContainerItemProxy section */
		F31734FA1EEC44B900A19B00 /* PBXContainerItemProxy */ = {
			isa = PBXContainerItemProxy;
			containerPortal = F31734DD1EEC44B800A19B00 /* Project object */;
			proxyType = 1;
			remoteGlobalIDString = F31734E41EEC44B900A19B00;
			remoteInfo = gitDemoTH;
		};
		F31735051EEC44B900A19B00 /* PBXContainerItemProxy */ = {
			isa = PBXContainerItemProxy;
			containerPortal = F31734DD1EEC44B800A19B00 /* Project object */;
			proxyType = 1;
			remoteGlobalIDString = F31734E41EEC44B900A19B00;
			remoteInfo = gitDemoTH;
		};
/* End PBXContainerItemProxy section */

/* Begin PBXFileReference section */
		F31734E51EEC44B900A19B00 /* gitDemoTH.app */ = {isa = PBXFileReference; explicitFileType = wrapper.application; includeInIndex = 0; path = gitDemoTH.app; sourceTree = BUILT_PRODUCTS_DIR; };
		F31734E81EEC44B900A19B00 /* AppDelegate.swift */ = {isa = PBXFileReference; lastKnownFileType = sourcecode.swift; path = AppDelegate.swift; sourceTree = "<group>"; };
		F31734EA1EEC44B900A19B00 /* ViewController.swift */ = {isa = PBXFileReference; lastKnownFileType = sourcecode.swift; path = ViewController.swift; sourceTree = "<group>"; };
		F31734ED1EEC44B900A19B00 /* Base */ = {isa = PBXFileReference; lastKnownFileType = file.storyboard; name = Base; path = Base.lproj/Main.storyboard; sourceTree = "<group>"; };
		F31734EF1EEC44B900A19B00 /* Assets.xcassets */ = {isa = PBXFileReference; lastKnownFileType = folder.assetcatalog; path = Assets.xcassets; sourceTree = "<group>"; };
		F31734F21EEC44B900A19B00 /* Base */ = {isa = PBXFileReference; lastKnownFileType = file.storyboard; name = Base; path = Base.lproj/LaunchScreen.storyboard; sourceTree = "<group>"; };
		F31734F41EEC44B900A19B00 /* Info.plist */ = {isa = PBXFileReference; lastKnownFileType = text.plist.xml; path = Info.plist; sourceTree = "<group>"; };
		F31734F91EEC44B900A19B00 /* gitDemoTHTests.xctest */ = {isa = PBXFileReference; explicitFileType = wrapper.cfbundle; includeInIndex = 0; path = gitDemoTHTests.xctest; sourceTree = BUILT_PRODUCTS_DIR; };
		F31734FD1EEC44B900A19B00 /* gitDemoTHTests.swift */ = {isa = PBXFileReference; lastKnownFileType = sourcecode.swift; path = gitDemoTHTests.swift; sourceTree = "<group>"; };
		F31734FF1EEC44B900A19B00 /* Info.plist */ = {isa = PBXFileReference; lastKnownFileType = text.plist.xml; path = Info.plist; sourceTree = "<group>"; };
		F31735041EEC44B900A19B00 /* gitDemoTHUITests.xctest */ = {isa = PBXFileReference; explicitFileType = wrapper.cfbundle; includeInIndex = 0; path = gitDemoTHUITests.xctest; sourceTree = BUILT_PRODUCTS_DIR; };
		F31735081EEC44B900A19B00 /* gitDemoTHUITests.swift */ = {isa = PBXFileReference; lastKnownFileType = sourcecode.swift; path = gitDemoTHUITests.swift; sourceTree = "<group>"; };
		F317350A1EEC44B900A19B00 /* Info.plist */ = {isa = PBXFileReference; lastKnownFileType = text.plist.xml; path = Info.plist; sourceTree = "<group>"; };
/* End PBXFileReference section */

/* Begin PBXFrameworksBuildPhase section */
		F31734E21EEC44B900A19B00 /* Frameworks */ = {
			isa = PBXFrameworksBuildPhase;
			buildActionMask = 2147483647;
			files = (
			);
			runOnlyForDeploymentPostprocessing = 0;
		};
		F31734F61EEC44B900A19B00 /* Frameworks */ = {
			isa = PBXFrameworksBuildPhase;
			buildActionMask = 2147483647;
			files = (
			);
			runOnlyForDeploymentPostprocessing = 0;
		};
		F31735011EEC44B900A19B00 /* Frameworks */ = {
			isa = PBXFrameworksBuildPhase;
			buildActionMask = 2147483647;
			files = (
			);
			runOnlyForDeploymentPostprocessing = 0;
		};
/* End PBXFrameworksBuildPhase section */

/* Begin PBXGroup section */
		F31734DC1EEC44B800A19B00 = {
			isa = PBXGroup;
			children = (
				F31734E71EEC44B900A19B00 /* gitDemoTH */,
				F31734FC1EEC44B900A19B00 /* gitDemoTHTests */,
				F31735071EEC44B900A19B00 /* gitDemoTHUITests */,
				F31734E61EEC44B900A19B00 /* Products */,
			);
			sourceTree = "<group>";
		};
		F31734E61EEC44B900A19B00 /* Products */ = {
			isa = PBXGroup;
			children = (
				F31734E51EEC44B900A19B00 /* gitDemoTH.app */,
				F31734F91EEC44B900A19B00 /* gitDemoTHTests.xctest */,
				F31735041EEC44B900A19B00 /* gitDemoTHUITests.xctest */,
			);
			name = Products;
			sourceTree = "<group>";
		};
		F31734E71EEC44B900A19B00 /* gitDemoTH */ = {
			isa = PBXGroup;
			children = (
				F31734E81EEC44B900A19B00 /* AppDelegate.swift */,
				F31734EA1EEC44B900A19B00 /* ViewController.swift */,
				F31734EC1EEC44B900A19B00 /* Main.storyboard */,
				F31734EF1EEC44B900A19B00 /* Assets.xcassets */,
				F31734F11EEC44B900A19B00 /* LaunchScreen.storyboard */,
				F31734F41EEC44B900A19B00 /* Info.plist */,
			);
			path = gitDemoTH;
			sourceTree = "<group>";
		};
		F31734FC1EEC44B900A19B00 /* gitDemoTHTests */ = {
			isa = PBXGroup;
			children = (
				F31734FD1EEC44B900A19B00 /* gitDemoTHTests.swift */,
				F31734FF1EEC44B900A19B00 /* Info.plist */,
			);
			path = gitDemoTHTests;
			sourceTree = "<group>";
		};
		F31735071EEC44B900A19B00 /* gitDemoTHUITests */ = {
			isa = PBXGroup;
			children = (
				F31735081EEC44B900A19B00 /* gitDemoTHUITests.swift */,
				F317350A1EEC44B900A19B00 /* Info.plist */,
			);
			path = gitDemoTHUITests;
			sourceTree = "<group>";
		};
/* End PBXGroup section */

/* Begin PBXNativeTarget section */
		F31734E41EEC44B900A19B00 /* gitDemoTH */ = {
			isa = PBXNativeTarget;
			buildConfigurationList = F317350D1EEC44B900A19B00 /* Build configuration list for PBXNativeTarget "gitDemoTH" */;
			buildPhases = (
				F31734E11EEC44B900A19B00 /* Sources */,
				F31734E21EEC44B900A19B00 /* Frameworks */,
				F31734E31EEC44B900A19B00 /* Resources */,
			);
			buildRules = (
			);
			dependencies = (
			);
			name = gitDemoTH;
			productName = gitDemoTH;
			productReference = F31734E51EEC44B900A19B00 /* gitDemoTH.app */;
			productType = "com.apple.product-type.application";
		};
		F31734F81EEC44B900A19B00 /* gitDemoTHTests */ = {
			isa = PBXNativeTarget;
			buildConfigurationList = F31735101EEC44B900A19B00 /* Build configuration list for PBXNativeTarget "gitDemoTHTests" */;
			buildPhases = (
				F31734F51EEC44B900A19B00 /* Sources */,
				F31734F61EEC44B900A19B00 /* Frameworks */,
				F31734F71EEC44B900A19B00 /* Resources */,
			);
			buildRules = (
			);
			dependencies = (
				F31734FB1EEC44B900A19B00 /* PBXTargetDependency */,
			);
			name = gitDemoTHTests;
			productName = gitDemoTHTests;
			productReference = F31734F91EEC44B900A19B00 /* gitDemoTHTests.xctest */;
			productType = "com.apple.product-type.bundle.unit-test";
		};
		F31735031EEC44B900A19B00 /* gitDemoTHUITests */ = {
			isa = PBXNativeTarget;
			buildConfigurationList = F31735131EEC44B900A19B00 /* Build configuration list for PBXNativeTarget "gitDemoTHUITests" */;
			buildPhases = (
				F31735001EEC44B900A19B00 /* Sources */,
				F31735011EEC44B900A19B00 /* Frameworks */,
				F31735021EEC44B900A19B00 /* Resources */,
			);
			buildRules = (
			);
			dependencies = (
				F31735061EEC44B900A19B00 /* PBXTargetDependency */,
			);
			name = gitDemoTHUITests;
			productName = gitDemoTHUITests;
			productReference = F31735041EEC44B900A19B00 /* gitDemoTHUITests.xctest */;
			productType = "com.apple.product-type.bundle.ui-testing";
		};
/* End PBXNativeTarget section */

/* Begin PBXProject section */
		F31734DD1EEC44B800A19B00 /* Project object */ = {
			isa = PBXProject;
			attributes = {
				LastSwiftUpdateCheck = 0730;
				LastUpgradeCheck = 0730;
				ORGANIZATIONNAME = "Robert Cadorette";
				TargetAttributes = {
					F31734E41EEC44B900A19B00 = {
						CreatedOnToolsVersion = 7.3;
					};
					F31734F81EEC44B900A19B00 = {
						CreatedOnToolsVersion = 7.3;
						TestTargetID = F31734E41EEC44B900A19B00;
					};
					F31735031EEC44B900A19B00 = {
						CreatedOnToolsVersion = 7.3;
						TestTargetID = F31734E41EEC44B900A19B00;
					};
				};
			};
			buildConfigurationList = F31734E01EEC44B800A19B00 /* Build configuration list for PBXProject "gitDemoTH" */;
			compatibilityVersion = "Xcode 3.2";
			developmentRegion = English;
			hasScannedForEncodings = 0;
			knownRegions = (
				en,
				Base,
			);
			mainGroup = F31734DC1EEC44B800A19B00;
			productRefGroup = F31734E61EEC44B900A19B00 /* Products */;
			projectDirPath = "";
			projectRoot = "";
			targets = (
				F31734E41EEC44B900A19B00 /* gitDemoTH */,
				F31734F81EEC44B900A19B00 /* gitDemoTHTests */,
				F31735031EEC44B900A19B00 /* gitDemoTHUITests */,
			);
		};
/* End PBXProject section */

/* Begin PBXResourcesBuildPhase section */
		F31734E31EEC44B900A19B00 /* Resources */ = {
			isa = PBXResourcesBuildPhase;
			buildActionMask = 2147483647;
			files = (
				F31734F31EEC44B900A19B00 /* LaunchScreen.storyboard in Resources */,
				F31734F01EEC44B900A19B00 /* Assets.xcassets in Resources */,
				F31734EE1EEC44B900A19B00 /* Main.storyboard in Resources */,
			);
			runOnlyForDeploymentPostprocessing = 0;
		};
		F31734F71EEC44B900A19B00 /* Resources */ = {
			isa = PBXResourcesBuildPhase;
			buildActionMask = 2147483647;
			files = (
			);
			runOnlyForDeploymentPostprocessing = 0;
		};
		F31735021EEC44B900A19B00 /* Resources */ = {
			isa = PBXResourcesBuildPhase;
			buildActionMask = 2147483647;
			files = (
			);
			runOnlyForDeploymentPostprocessing = 0;
		};
/* End PBXResourcesBuildPhase section */

/* Begin PBXSourcesBuildPhase section */
		F31734E11EEC44B900A19B00 /* Sources */ = {
			isa = PBXSourcesBuildPhase;
			buildActionMask = 2147483647;
			files = (
				F31734EB1EEC44B900A19B00 /* ViewController.swift in Sources */,
				F31734E91EEC44B900A19B00 /* AppDelegate.swift in Sources */,
			);
			runOnlyForDeploymentPostprocessing = 0;
		};
		F31734F51EEC44B900A19B00 /* Sources */ = {
			isa = PBXSourcesBuildPhase;
			buildActionMask = 2147483647;
			files = (
				F31734FE1EEC44B900A19B00 /* gitDemoTHTests.swift in Sources */,
			);
			runOnlyForDeploymentPostprocessing = 0;
		};
		F31735001EEC44B900A19B00 /* Sources */ = {
			isa = PBXSourcesBuildPhase;
			buildActionMask = 2147483647;
			files = (
				F31735091EEC44B900A19B00 /* gitDemoTHUITests.swift in Sources */,
			);
			runOnlyForDeploymentPostprocessing = 0;
		};
/* End PBXSourcesBuildPhase section */

/* Begin PBXTargetDependency section */
		F31734FB1EEC44B900A19B00 /* PBXTargetDependency */ = {
			isa = PBXTargetDependency;
			target = F31734E41EEC44B900A19B00 /* gitDemoTH */;
			targetProxy = F31734FA1EEC44B900A19B00 /* PBXContainerItemProxy */;
		};
		F31735061EEC44B900A19B00 /* PBXTargetDependency */ = {
			isa = PBXTargetDependency;
			target = F31734E41EEC44B900A19B00 /* gitDemoTH */;
			targetProxy = F31735051EEC44B900A19B00 /* PBXContainerItemProxy */;
		};
/* End PBXTargetDependency section */

/* Begin PBXVariantGroup section */
		F31734EC1EEC44B900A19B00 /* Main.storyboard */ = {
			isa = PBXVariantGroup;
			children = (
				F31734ED1EEC44B900A19B00 /* Base */,
			);
			name = Main.storyboard;
			sourceTree = "<group>";
		};
		F31734F11EEC44B900A19B00 /* LaunchScreen.storyboard */ = {
			isa = PBXVariantGroup;
			children = (
				F31734F21EEC44B900A19B00 /* Base */,
			);
			name = LaunchScreen.storyboard;
			sourceTree = "<group>";
		};
/* End PBXVariantGroup section */

/* Begin XCBuildConfiguration section */
		F317350B1EEC44B900A19B00 /* Debug */ = {
			isa = XCBuildConfiguration;
			buildSettings = {
				ALWAYS_SEARCH_USER_PATHS = NO;
				CLANG_ANALYZER_NONNULL = YES;
				CLANG_CXX_LANGUAGE_STANDARD = "gnu++0x";
				CLANG_CXX_LIBRARY = "libc++";
				CLANG_ENABLE_MODULES = YES;
				CLANG_ENABLE_OBJC_ARC = YES;
				CLANG_WARN_BOOL_CONVERSION = YES;
				CLANG_WARN_CONSTANT_CONVERSION = YES;
				CLANG_WARN_DIRECT_OBJC_ISA_USAGE = YES_ERROR;
				CLANG_WARN_EMPTY_BODY = YES;
				CLANG_WARN_ENUM_CONVERSION = YES;
				CLANG_WARN_INT_CONVERSION = YES;
				CLANG_WARN_OBJC_ROOT_CLASS = YES_ERROR;
				CLANG_WARN_UNREACHABLE_CODE = YES;
				CLANG_WARN__DUPLICATE_METHOD_MATCH = YES;
				"CODE_SIGN_IDENTITY[sdk=iphoneos*]" = "iPhone Developer";
				COPY_PHASE_STRIP = NO;
				DEBUG_INFORMATION_FORMAT = dwarf;
				ENABLE_STRICT_OBJC_MSGSEND = YES;
				ENABLE_TESTABILITY = YES;
				GCC_C_LANGUAGE_STANDARD = gnu99;
				GCC_DYNAMIC_NO_PIC = NO;
				GCC_NO_COMMON_BLOCKS = YES;
				GCC_OPTIMIZATION_LEVEL = 0;
				GCC_PREPROCESSOR_DEFINITIONS = (
					"DEBUG=1",
					"$(inherited)",
				);
				GCC_WARN_64_TO_32_BIT_CONVERSION = YES;
				GCC_WARN_ABOUT_RETURN_TYPE = YES_ERROR;
				GCC_WARN_UNDECLARED_SELECTOR = YES;
				GCC_WARN_UNINITIALIZED_AUTOS = YES_AGGRESSIVE;
				GCC_WARN_UNUSED_FUNCTION = YES;
				GCC_WARN_UNUSED_VARIABLE = YES;
				IPHONEOS_DEPLOYMENT_TARGET = 9.3;
				MTL_ENABLE_DEBUG_INFO = YES;
				ONLY_ACTIVE_ARCH = YES;
				SDKROOT = iphoneos;
				SWIFT_OPTIMIZATION_LEVEL = "-Onone";
				TARGETED_DEVICE_FAMILY = "1,2";
			};
			name = Debug;
		};
		F317350C1EEC44B900A19B00 /* Release */ = {
			isa = XCBuildConfiguration;
			buildSettings = {
				ALWAYS_SEARCH_USER_PATHS = NO;
				CLANG_ANALYZER_NONNULL = YES;
				CLANG_CXX_LANGUAGE_STANDARD = "gnu++0x";
				CLANG_CXX_LIBRARY = "libc++";
				CLANG_ENABLE_MODULES = YES;
				CLANG_ENABLE_OBJC_ARC = YES;
				CLANG_WARN_BOOL_CONVERSION = YES;
				CLANG_WARN_CONSTANT_CONVERSION = YES;
				CLANG_WARN_DIRECT_OBJC_ISA_USAGE = YES_ERROR;
				CLANG_WARN_EMPTY_BODY = YES;
				CLANG_WARN_ENUM_CONVERSION = YES;
				CLANG_WARN_INT_CONVERSION = YES;
				CLANG_WARN_OBJC_ROOT_CLASS = YES_ERROR;
				CLANG_WARN_UNREACHABLE_CODE = YES;
				CLANG_WARN__DUPLICATE_METHOD_MATCH = YES;
				"CODE_SIGN_IDENTITY[sdk=iphoneos*]" = "iPhone Developer";
				COPY_PHASE_STRIP = NO;
				DEBUG_INFORMATION_FORMAT = "dwarf-with-dsym";
				ENABLE_NS_ASSERTIONS = NO;
				ENABLE_STRICT_OBJC_MSGSEND = YES;
				GCC_C_LANGUAGE_STANDARD = gnu99;
				GCC_NO_COMMON_BLOCKS = YES;
				GCC_WARN_64_TO_32_BIT_CONVERSION = YES;
				GCC_WARN_ABOUT_RETURN_TYPE = YES_ERROR;
				GCC_WARN_UNDECLARED_SELECTOR = YES;
				GCC_WARN_UNINITIALIZED_AUTOS = YES_AGGRESSIVE;
				GCC_WARN_UNUSED_FUNCTION = YES;
				GCC_WARN_UNUSED_VARIABLE = YES;
				IPHONEOS_DEPLOYMENT_TARGET = 9.3;
				MTL_ENABLE_DEBUG_INFO = NO;
				SDKROOT = iphoneos;
				TARGETED_DEVICE_FAMILY = "1,2";
				VALIDATE_PRODUCT = YES;
			};
			name = Release;
		};
		F317350E1EEC44B900A19B00 /* Debug */ = {
			isa = XCBuildConfiguration;
			buildSettings = {
				ASSETCATALOG_COMPILER_APPICON_NAME = AppIcon;
				INFOPLIST_FILE = gitDemoTH/Info.plist;
				LD_RUNPATH_SEARCH_PATHS = "$(inherited) @executable_path/Frameworks";
				PRODUCT_BUNDLE_IDENTIFIER = com.hypedrive.gitDemoTH;
				PRODUCT_NAME = "$(TARGET_NAME)";
			};
			name = Debug;
		};
		F317350F1EEC44B900A19B00 /* Release */ = {
			isa = XCBuildConfiguration;
			buildSettings = {
				ASSETCATALOG_COMPILER_APPICON_NAME = AppIcon;
				INFOPLIST_FILE = gitDemoTH/Info.plist;
				LD_RUNPATH_SEARCH_PATHS = "$(inherited) @executable_path/Frameworks";
				PRODUCT_BUNDLE_IDENTIFIER = com.hypedrive.gitDemoTH;
				PRODUCT_NAME = "$(TARGET_NAME)";
			};
			name = Release;
		};
		F31735111EEC44B900A19B00 /* Debug */ = {
			isa = XCBuildConfiguration;
			buildSettings = {
				BUNDLE_LOADER = "$(TEST_HOST)";
				INFOPLIST_FILE = gitDemoTHTests/Info.plist;
				LD_RUNPATH_SEARCH_PATHS = "$(inherited) @executable_path/Frameworks @loader_path/Frameworks";
				PRODUCT_BUNDLE_IDENTIFIER = com.hypedrive.gitDemoTHTests;
				PRODUCT_NAME = "$(TARGET_NAME)";
				TEST_HOST = "$(BUILT_PRODUCTS_DIR)/gitDemoTH.app/gitDemoTH";
			};
			name = Debug;
		};
		F31735121EEC44B900A19B00 /* Release */ = {
			isa = XCBuildConfiguration;
			buildSettings = {
				BUNDLE_LOADER = "$(TEST_HOST)";
				INFOPLIST_FILE = gitDemoTHTests/Info.plist;
				LD_RUNPATH_SEARCH_PATHS = "$(inherited) @executable_path/Frameworks @loader_path/Frameworks";
				PRODUCT_BUNDLE_IDENTIFIER = com.hypedrive.gitDemoTHTests;
				PRODUCT_NAME = "$(TARGET_NAME)";
				TEST_HOST = "$(BUILT_PRODUCTS_DIR)/gitDemoTH.app/gitDemoTH";
			};
			name = Release;
		};
		F31735141EEC44B900A19B00 /* Debug */ = {
			isa = XCBuildConfiguration;
			buildSettings = {
				INFOPLIST_FILE = gitDemoTHUITests/Info.plist;
				LD_RUNPATH_SEARCH_PATHS = "$(inherited) @executable_path/Frameworks @loader_path/Frameworks";
				PRODUCT_BUNDLE_IDENTIFIER = com.hypedrive.gitDemoTHUITests;
				PRODUCT_NAME = "$(TARGET_NAME)";
				TEST_TARGET_NAME = gitDemoTH;
			};
			name = Debug;
		};
		F31735151EEC44B900A19B00 /* Release */ = {
			isa = XCBuildConfiguration;
			buildSettings = {
				INFOPLIST_FILE = gitDemoTHUITests/Info.plist;
				LD_RUNPATH_SEARCH_PATHS = "$(inherited) @executable_path/Frameworks @loader_path/Frameworks";
				PRODUCT_BUNDLE_IDENTIFIER = com.hypedrive.gitDemoTHUITests;
				PRODUCT_NAME = "$(TARGET_NAME)";
				TEST_TARGET_NAME = gitDemoTH;
			};
			name = Release;
		};
/* End XCBuildConfiguration section */

/* Begin XCConfigurationList section */
		F31734E01EEC44B800A19B00 /* Build configuration list for PBXProject "gitDemoTH" */ = {
			isa = XCConfigurationList;
			buildConfigurations = (
				F317350B1EEC44B900A19B00 /* Debug */,
				F317350C1EEC44B900A19B00 /* Release */,
			);
			defaultConfigurationIsVisible = 0;
			defaultConfigurationName = Release;
		};
		F317350D1EEC44B900A19B00 /* Build configuration list for PBXNativeTarget "gitDemoTH" */ = {
			isa = XCConfigurationList;
			buildConfigurations = (
				F317350E1EEC44B900A19B00 /* Debug */,
				F317350F1EEC44B900A19B00 /* Release */,
			);
			defaultConfigurationIsVisible = 0;
		};
		F31735101EEC44B900A19B00 /* Build configuration list for PBXNativeTarget "gitDemoTHTests" */ = {
			isa = XCConfigurationList;
			buildConfigurations = (
				F31735111EEC44B900A19B00 /* Debug */,
				F31735121EEC44B900A19B00 /* Release */,
			);
			defaultConfigurationIsVisible = 0;
		};
		F31735131EEC44B900A19B00 /* Build configuration list for PBXNativeTarget "gitDemoTHUITests" */ = {
			isa = XCConfigurationList;
			buildConfigurations = (
				F31735141EEC44B900A19B00 /* Debug */,
				F31735151EEC44B900A19B00 /* Release */,
			);
			defaultConfigurationIsVisible = 0;
		};
/* End XCConfigurationList section */
	};
	rootObject = F31734DD1EEC44B800A19B00 /* Project object */;
}
